
Microsoft Visual Studio Solution File, Format Version 12.00
# Visual Studio Version 16
VisualStudioVersion = 16.0.30907.101
MinimumVisualStudioVersion = 10.0.40219.1
Project("{9A19103F-16F7-4668-BE54-9A1E7A4F7556}") = "Program Machine Learning", "Program Machine Learning.csproj", "{C735DB49-6F53-4D5D-A557-FBCCF6235724}"
EndProject
Global
	GlobalSection(SolutionConfigurationPlatforms) = preSolution
		Debug|Any CPU = Debug|Any CPU
		Release|Any CPU = Release|Any CPU
	EndGlobalSection
	GlobalSection(ProjectConfigurationPlatforms) = postSolution
		{C735DB49-6F53-4D5D-A557-FBCCF6235724}.Debug|Any CPU.ActiveCfg = Debug|Any CPU
		{C735DB49-6F53-4D5D-A557-FBCCF6235724}.Debug|Any CPU.Build.0 = Debug|Any CPU
		{C735DB49-6F53-4D5D-A557-FBCCF6235724}.Release|Any CPU.ActiveCfg = Release|Any CPU
		{C735DB49-6F53-4D5D-A557-FBCCF6235724}.Release|Any CPU.Build.0 = Release|Any CPU
	EndGlobalSection
	GlobalSection(SolutionProperties) = preSolution
		HideSolutionNode = FALSE
	EndGlobalSection
	GlobalSection(ExtensibilityGlobals) = postSolution
		SolutionGuid = {3EB5329C-C62C-4C48-B65B-62A510986581}
	EndGlobalSection
EndGlobal
